// !$*UTF8*$!
{
	archiveVersion = 1;
	classes = {
	};
	objectVersion = 50;
	objects = {

/* Begin PBXBuildFile section */
		632385C420D7E7C6007572FC /* AppDelegate.swift in Sources */ = {isa = PBXBuildFile; fileRef = 632385C320D7E7C6007572FC /* AppDelegate.swift */; };
		632385C620D7E7C6007572FC /* ViewController.swift in Sources */ = {isa = PBXBuildFile; fileRef = 632385C520D7E7C6007572FC /* ViewController.swift */; };
		632385C920D7E7C6007572FC /* Main.storyboard in Resources */ = {isa = PBXBuildFile; fileRef = 632385C720D7E7C6007572FC /* Main.storyboard */; };
		632385CB20D7E7C8007572FC /* Assets.xcassets in Resources */ = {isa = PBXBuildFile; fileRef = 632385CA20D7E7C8007572FC /* Assets.xcassets */; };
		632385CE20D7E7C8007572FC /* LaunchScreen.storyboard in Resources */ = {isa = PBXBuildFile; fileRef = 632385CC20D7E7C8007572FC /* LaunchScreen.storyboard */; };
		632385D920D7E7C8007572FC /* I_am_richTests.swift in Sources */ = {isa = PBXBuildFile; fileRef = 632385D820D7E7C8007572FC /* I_am_richTests.swift */; };
		632385E420D7E7C8007572FC /* I_am_richUITests.swift in Sources */ = {isa = PBXBuildFile; fileRef = 632385E320D7E7C8007572FC /* I_am_richUITests.swift */; };
/* End PBXBuildFile section */

/* Begin PBXContainerItemProxy section */
		632385D520D7E7C8007572FC /* PBXContainerItemProxy */ = {
			isa = PBXContainerItemProxy;
			containerPortal = 632385B820D7E7C6007572FC /* Project object */;
			proxyType = 1;
			remoteGlobalIDString = 632385BF20D7E7C6007572FC;
			remoteInfo = "I am rich";
		};
		632385E020D7E7C8007572FC /* PBXContainerItemProxy */ = {
			isa = PBXContainerItemProxy;
			containerPortal = 632385B820D7E7C6007572FC /* Project object */;
			proxyType = 1;
			remoteGlobalIDString = 632385BF20D7E7C6007572FC;
			remoteInfo = "I am rich";
		};
/* End PBXContainerItemProxy section */

/* Begin PBXFileReference section */
		632385C020D7E7C6007572FC /* I am rich.app */ = {isa = PBXFileReference; explicitFileType = wrapper.application; includeInIndex = 0; path = "I am rich.app"; sourceTree = BUILT_PRODUCTS_DIR; };
		632385C320D7E7C6007572FC /* AppDelegate.swift */ = {isa = PBXFileReference; lastKnownFileType = sourcecode.swift; path = AppDelegate.swift; sourceTree = "<group>"; };
		632385C520D7E7C6007572FC /* ViewController.swift */ = {isa = PBXFileReference; lastKnownFileType = sourcecode.swift; path = ViewController.swift; sourceTree = "<group>"; };
		632385C820D7E7C6007572FC /* Base */ = {isa = PBXFileReference; lastKnownFileType = file.storyboard; name = Base; path = Base.lproj/Main.storyboard; sourceTree = "<group>"; };
		632385CA20D7E7C8007572FC /* Assets.xcassets */ = {isa = PBXFileReference; lastKnownFileType = folder.assetcatalog; path = Assets.xcassets; sourceTree = "<group>"; };
		632385CD20D7E7C8007572FC /* Base */ = {isa = PBXFileReference; lastKnownFileType = file.storyboard; name = Base; path = Base.lproj/LaunchScreen.storyboard; sourceTree = "<group>"; };
		632385CF20D7E7C8007572FC /* Info.plist */ = {isa = PBXFileReference; lastKnownFileType = text.plist.xml; path = Info.plist; sourceTree = "<group>"; };
		632385D420D7E7C8007572FC /* I am richTests.xctest */ = {isa = PBXFileReference; explicitFileType = wrapper.cfbundle; includeInIndex = 0; path = "I am richTests.xctest"; sourceTree = BUILT_PRODUCTS_DIR; };
		632385D820D7E7C8007572FC /* I_am_richTests.swift */ = {isa = PBXFileReference; lastKnownFileType = sourcecode.swift; path = I_am_richTests.swift; sourceTree = "<group>"; };
		632385DA20D7E7C8007572FC /* Info.plist */ = {isa = PBXFileReference; lastKnownFileType = text.plist.xml; path = Info.plist; sourceTree = "<group>"; };
		632385DF20D7E7C8007572FC /* I am richUITests.xctest */ = {isa = PBXFileReference; explicitFileType = wrapper.cfbundle; includeInIndex = 0; path = "I am richUITests.xctest"; sourceTree = BUILT_PRODUCTS_DIR; };
		632385E320D7E7C8007572FC /* I_am_richUITests.swift */ = {isa = PBXFileReference; lastKnownFileType = sourcecode.swift; path = I_am_richUITests.swift; sourceTree = "<group>"; };
		632385E520D7E7C8007572FC /* Info.plist */ = {isa = PBXFileReference; lastKnownFileType = text.plist.xml; path = Info.plist; sourceTree = "<group>"; };
/* End PBXFileReference section */

/* Begin PBXFrameworksBuildPhase section */
		632385BD20D7E7C6007572FC /* Frameworks */ = {
			isa = PBXFrameworksBuildPhase;
			buildActionMask = 2147483647;
			files = (
			);
			runOnlyForDeploymentPostprocessing = 0;
		};
		632385D120D7E7C8007572FC /* Frameworks */ = {
			isa = PBXFrameworksBuildPhase;
			buildActionMask = 2147483647;
			files = (
			);
			runOnlyForDeploymentPostprocessing = 0;
		};
		632385DC20D7E7C8007572FC /* Frameworks */ = {
			isa = PBXFrameworksBuildPhase;
			buildActionMask = 2147483647;
			files = (
			);
			runOnlyForDeploymentPostprocessing = 0;
		};
/* End PBXFrameworksBuildPhase section */

/* Begin PBXGroup section */
		632385B720D7E7C6007572FC = {
			isa = PBXGroup;
			children = (
				632385C220D7E7C6007572FC /* I am rich */,
				632385D720D7E7C8007572FC /* I am richTests */,
				632385E220D7E7C8007572FC /* I am richUITests */,
				632385C120D7E7C6007572FC /* Products */,
			);
			sourceTree = "<group>";
		};
		632385C120D7E7C6007572FC /* Products */ = {
			isa = PBXGroup;
			children = (
				632385C020D7E7C6007572FC /* I am rich.app */,
				632385D420D7E7C8007572FC /* I am richTests.xctest */,
				632385DF20D7E7C8007572FC /* I am richUITests.xctest */,
			);
			name = Products;
			sourceTree = "<group>";
		};
		632385C220D7E7C6007572FC /* I am rich */ = {
			isa = PBXGroup;
			children = (
				632385C320D7E7C6007572FC /* AppDelegate.swift */,
				632385C520D7E7C6007572FC /* ViewController.swift */,
				632385C720D7E7C6007572FC /* Main.storyboard */,
				632385CA20D7E7C8007572FC /* Assets.xcassets */,
				632385CC20D7E7C8007572FC /* LaunchScreen.storyboard */,
				632385CF20D7E7C8007572FC /* Info.plist */,
			);
			path = "I am rich";
			sourceTree = "<group>";
		};
		632385D720D7E7C8007572FC /* I am richTests */ = {
			isa = PBXGroup;
			children = (
				632385D820D7E7C8007572FC /* I_am_richTests.swift */,
				632385DA20D7E7C8007572FC /* Info.plist */,
			);
			path = "I am richTests";
			sourceTree = "<group>";
		};
		632385E220D7E7C8007572FC /* I am richUITests */ = {
			isa = PBXGroup;
			children = (
				632385E320D7E7C8007572FC /* I_am_richUITests.swift */,
				632385E520D7E7C8007572FC /* Info.plist */,
			);
			path = "I am richUITests";
			sourceTree = "<group>";
		};
/* End PBXGroup section */

/* Begin PBXNativeTarget section */
		632385BF20D7E7C6007572FC /* I am rich */ = {
			isa = PBXNativeTarget;
			buildConfigurationList = 632385E820D7E7C8007572FC /* Build configuration list for PBXNativeTarget "I am rich" */;
			buildPhases = (
				632385BC20D7E7C6007572FC /* Sources */,
				632385BD20D7E7C6007572FC /* Frameworks */,
				632385BE20D7E7C6007572FC /* Resources */,
			);
			buildRules = (
			);
			dependencies = (
			);
			name = "I am rich";
			productName = "I am rich";
			productReference = 632385C020D7E7C6007572FC /* I am rich.app */;
			productType = "com.apple.product-type.application";
		};
		632385D320D7E7C8007572FC /* I am richTests */ = {
			isa = PBXNativeTarget;
			buildConfigurationList = 632385EB20D7E7C8007572FC /* Build configuration list for PBXNativeTarget "I am richTests" */;
			buildPhases = (
				632385D020D7E7C8007572FC /* Sources */,
				632385D120D7E7C8007572FC /* Frameworks */,
				632385D220D7E7C8007572FC /* Resources */,
			);
			buildRules = (
			);
			dependencies = (
				632385D620D7E7C8007572FC /* PBXTargetDependency */,
			);
			name = "I am richTests";
			productName = "I am richTests";
			productReference = 632385D420D7E7C8007572FC /* I am richTests.xctest */;
			productType = "com.apple.product-type.bundle.unit-test";
		};
		632385DE20D7E7C8007572FC /* I am richUITests */ = {
			isa = PBXNativeTarget;
			buildConfigurationList = 632385EE20D7E7C8007572FC /* Build configuration list for PBXNativeTarget "I am richUITests" */;
			buildPhases = (
				632385DB20D7E7C8007572FC /* Sources */,
				632385DC20D7E7C8007572FC /* Frameworks */,
				632385DD20D7E7C8007572FC /* Resources */,
			);
			buildRules = (
			);
			dependencies = (
				632385E120D7E7C8007572FC /* PBXTargetDependency */,
			);
			name = "I am richUITests";
			productName = "I am richUITests";
			productReference = 632385DF20D7E7C8007572FC /* I am richUITests.xctest */;
			productType = "com.apple.product-type.bundle.ui-testing";
		};
/* End PBXNativeTarget section */

/* Begin PBXProject section */
		632385B820D7E7C6007572FC /* Project object */ = {
			isa = PBXProject;
			attributes = {
				LastSwiftUpdateCheck = 0940;
				LastUpgradeCheck = 0940;
				ORGANIZATIONNAME = "David Torguet Martos";
				TargetAttributes = {
					632385BF20D7E7C6007572FC = {
						CreatedOnToolsVersion = 9.4;
					};
					632385D320D7E7C8007572FC = {
						CreatedOnToolsVersion = 9.4;
						TestTargetID = 632385BF20D7E7C6007572FC;
					};
					632385DE20D7E7C8007572FC = {
						CreatedOnToolsVersion = 9.4;
						TestTargetID = 632385BF20D7E7C6007572FC;
					};
				};
			};
			buildConfigurationList = 632385BB20D7E7C6007572FC /* Build configuration list for PBXProject "I am rich" */;
			compatibilityVersion = "Xcode 9.3";
			developmentRegion = en;
			hasScannedForEncodings = 0;
			knownRegions = (
				en,
				Base,
			);
			mainGroup = 632385B720D7E7C6007572FC;
			productRefGroup = 632385C120D7E7C6007572FC /* Products */;
			projectDirPath = "";
			projectRoot = "";
			targets = (
				632385BF20D7E7C6007572FC /* I am rich */,
				632385D320D7E7C8007572FC /* I am richTests */,
				632385DE20D7E7C8007572FC /* I am richUITests */,
			);
		};
/* End PBXProject section */

/* Begin PBXResourcesBuildPhase section */
		632385BE20D7E7C6007572FC /* Resources */ = {
			isa = PBXResourcesBuildPhase;
			buildActionMask = 2147483647;
			files = (
				632385CE20D7E7C8007572FC /* LaunchScreen.storyboard in Resources */,
				632385CB20D7E7C8007572FC /* Assets.xcassets in Resources */,
				632385C920D7E7C6007572FC /* Main.storyboard in Resources */,
			);
			runOnlyForDeploymentPostprocessing = 0;
		};
		632385D220D7E7C8007572FC /* Resources */ = {
			isa = PBXResourcesBuildPhase;
			buildActionMask = 2147483647;
			files = (
			);
			runOnlyForDeploymentPostprocessing = 0;
		};
		632385DD20D7E7C8007572FC /* Resources */ = {
			isa = PBXResourcesBuildPhase;
			buildActionMask = 2147483647;
			files = (
			);
			runOnlyForDeploymentPostprocessing = 0;
		};
/* End PBXResourcesBuildPhase section */

/* Begin PBXSourcesBuildPhase section */
		632385BC20D7E7C6007572FC /* Sources */ = {
			isa = PBXSourcesBuildPhase;
			buildActionMask = 2147483647;
			files = (
				632385C620D7E7C6007572FC /* ViewController.swift in Sources */,
				632385C420D7E7C6007572FC /* AppDelegate.swift in Sources */,
			);
			runOnlyForDeploymentPostprocessing = 0;
		};
		632385D020D7E7C8007572FC /* Sources */ = {
			isa = PBXSourcesBuildPhase;
			buildActionMask = 2147483647;
			files = (
				632385D920D7E7C8007572FC /* I_am_richTests.swift in Sources */,
			);
			runOnlyForDeploymentPostprocessing = 0;
		};
		632385DB20D7E7C8007572FC /* Sources */ = {
			isa = PBXSourcesBuildPhase;
			buildActionMask = 2147483647;
			files = (
				632385E420D7E7C8007572FC /* I_am_richUITests.swift in Sources */,
			);
			runOnlyForDeploymentPostprocessing = 0;
		};
/* End PBXSourcesBuildPhase section */

/* Begin PBXTargetDependency section */
		632385D620D7E7C8007572FC /* PBXTargetDependency */ = {
			isa = PBXTargetDependency;
			target = 632385BF20D7E7C6007572FC /* I am rich */;
			targetProxy = 632385D520D7E7C8007572FC /* PBXContainerItemProxy */;
		};
		632385E120D7E7C8007572FC /* PBXTargetDependency */ = {
			isa = PBXTargetDependency;
			target = 632385BF20D7E7C6007572FC /* I am rich */;
			targetProxy = 632385E020D7E7C8007572FC /* PBXContainerItemProxy */;
		};
/* End PBXTargetDependency section */

/* Begin PBXVariantGroup section */
		632385C720D7E7C6007572FC /* Main.storyboard */ = {
			isa = PBXVariantGroup;
			children = (
				632385C820D7E7C6007572FC /* Base */,
			);
			name = Main.storyboard;
			sourceTree = "<group>";
		};
		632385CC20D7E7C8007572FC /* LaunchScreen.storyboard */ = {
			isa = PBXVariantGroup;
			children = (
				632385CD20D7E7C8007572FC /* Base */,
			);
			name = LaunchScreen.storyboard;
			sourceTree = "<group>";
		};
/* End PBXVariantGroup section */

/* Begin XCBuildConfiguration section */
		632385E620D7E7C8007572FC /* Debug */ = {
			isa = XCBuildConfiguration;
			buildSettings = {
				ALWAYS_SEARCH_USER_PATHS = NO;
				CLANG_ANALYZER_NONNULL = YES;
				CLANG_ANALYZER_NUMBER_OBJECT_CONVERSION = YES_AGGRESSIVE;
				CLANG_CXX_LANGUAGE_STANDARD = "gnu++14";
				CLANG_CXX_LIBRARY = "libc++";
				CLANG_ENABLE_MODULES = YES;
				CLANG_ENABLE_OBJC_ARC = YES;
				CLANG_ENABLE_OBJC_WEAK = YES;
				CLANG_WARN_BLOCK_CAPTURE_AUTORELEASING = YES;
				CLANG_WARN_BOOL_CONVERSION = YES;
				CLANG_WARN_COMMA = YES;
				CLANG_WARN_CONSTANT_CONVERSION = YES;
				CLANG_WARN_DEPRECATED_OBJC_IMPLEMENTATIONS = YES;
				CLANG_WARN_DIRECT_OBJC_ISA_USAGE = YES_ERROR;
				CLANG_WARN_DOCUMENTATION_COMMENTS = YES;
				CLANG_WARN_EMPTY_BODY = YES;
				CLANG_WARN_ENUM_CONVERSION = YES;
				CLANG_WARN_INFINITE_RECURSION = YES;
				CLANG_WARN_INT_CONVERSION = YES;
				CLANG_WARN_NON_LITERAL_NULL_CONVERSION = YES;
				CLANG_WARN_OBJC_IMPLICIT_RETAIN_SELF = YES;
				CLANG_WARN_OBJC_LITERAL_CONVERSION = YES;
				CLANG_WARN_OBJC_ROOT_CLASS = YES_ERROR;
				CLANG_WARN_RANGE_LOOP_ANALYSIS = YES;
				CLANG_WARN_STRICT_PROTOTYPES = YES;
				CLANG_WARN_SUSPICIOUS_MOVE = YES;
				CLANG_WARN_UNGUARDED_AVAILABILITY = YES_AGGRESSIVE;
				CLANG_WARN_UNREACHABLE_CODE = YES;
				CLANG_WARN__DUPLICATE_METHOD_MATCH = YES;
				CODE_SIGN_IDENTITY = "iPhone Developer";
				COPY_PHASE_STRIP = NO;
				DEBUG_INFORMATION_FORMAT = dwarf;
				ENABLE_STRICT_OBJC_MSGSEND = YES;
				ENABLE_TESTABILITY = YES;
				GCC_C_LANGUAGE_STANDARD = gnu11;
				GCC_DYNAMIC_NO_PIC = NO;
				GCC_NO_COMMON_BLOCKS = YES;
				GCC_OPTIMIZATION_LEVEL = 0;
				GCC_PREPROCESSOR_DEFINITIONS = (
					"DEBUG=1",
					"$(inherited)",
				);
				GCC_WARN_64_TO_32_BIT_CONVERSION = YES;
				GCC_WARN_ABOUT_RETURN_TYPE = YES_ERROR;
				GCC_WARN_UNDECLARED_SELECTOR = YES;
				GCC_WARN_UNINITIALIZED_AUTOS = YES_AGGRESSIVE;
				GCC_WARN_UNUSED_FUNCTION = YES;
				GCC_WARN_UNUSED_VARIABLE = YES;
				IPHONEOS_DEPLOYMENT_TARGET = 11.4;
				MTL_ENABLE_DEBUG_INFO = YES;
				ONLY_ACTIVE_ARCH = YES;
				SDKROOT = iphoneos;
				SWIFT_ACTIVE_COMPILATION_CONDITIONS = DEBUG;
				SWIFT_OPTIMIZATION_LEVEL = "-Onone";
			};
			name = Debug;
		};
		632385E720D7E7C8007572FC /* Release */ = {
			isa = XCBuildConfiguration;
			buildSettings = {
				ALWAYS_SEARCH_USER_PATHS = NO;
				CLANG_ANALYZER_NONNULL = YES;
				CLANG_ANALYZER_NUMBER_OBJECT_CONVERSION = YES_AGGRESSIVE;
				CLANG_CXX_LANGUAGE_STANDARD = "gnu++14";
				CLANG_CXX_LIBRARY = "libc++";
				CLANG_ENABLE_MODULES = YES;
				CLANG_ENABLE_OBJC_ARC = YES;
				CLANG_ENABLE_OBJC_WEAK = YES;
				CLANG_WARN_BLOCK_CAPTURE_AUTORELEASING = YES;
				CLANG_WARN_BOOL_CONVERSION = YES;
				CLANG_WARN_COMMA = YES;
				CLANG_WARN_CONSTANT_CONVERSION = YES;
				CLANG_WARN_DEPRECATED_OBJC_IMPLEMENTATIONS = YES;
				CLANG_WARN_DIRECT_OBJC_ISA_USAGE = YES_ERROR;
				CLANG_WARN_DOCUMENTATION_COMMENTS = YES;
				CLANG_WARN_EMPTY_BODY = YES;
				CLANG_WARN_ENUM_CONVERSION = YES;
				CLANG_WARN_INFINITE_RECURSION = YES;
				CLANG_WARN_INT_CONVERSION = YES;
				CLANG_WARN_NON_LITERAL_NULL_CONVERSION = YES;
				CLANG_WARN_OBJC_IMPLICIT_RETAIN_SELF = YES;
				CLANG_WARN_OBJC_LITERAL_CONVERSION = YES;
				CLANG_WARN_OBJC_ROOT_CLASS = YES_ERROR;
				CLANG_WARN_RANGE_LOOP_ANALYSIS = YES;
				CLANG_WARN_STRICT_PROTOTYPES = YES;
				CLANG_WARN_SUSPICIOUS_MOVE = YES;
				CLANG_WARN_UNGUARDED_AVAILABILITY = YES_AGGRESSIVE;
				CLANG_WARN_UNREACHABLE_CODE = YES;
				CLANG_WARN__DUPLICATE_METHOD_MATCH = YES;
				CODE_SIGN_IDENTITY = "iPhone Developer";
				COPY_PHASE_STRIP = NO;
				DEBUG_INFORMATION_FORMAT = "dwarf-with-dsym";
				ENABLE_NS_ASSERTIONS = NO;
				ENABLE_STRICT_OBJC_MSGSEND = YES;
				GCC_C_LANGUAGE_STANDARD = gnu11;
				GCC_NO_COMMON_BLOCKS = YES;
				GCC_WARN_64_TO_32_BIT_CONVERSION = YES;
				GCC_WARN_ABOUT_RETURN_TYPE = YES_ERROR;
				GCC_WARN_UNDECLARED_SELECTOR = YES;
				GCC_WARN_UNINITIALIZED_AUTOS = YES_AGGRESSIVE;
				GCC_WARN_UNUSED_FUNCTION = YES;
				GCC_WARN_UNUSED_VARIABLE = YES;
				IPHONEOS_DEPLOYMENT_TARGET = 11.4;
				MTL_ENABLE_DEBUG_INFO = NO;
				SDKROOT = iphoneos;
				SWIFT_COMPILATION_MODE = wholemodule;
				SWIFT_OPTIMIZATION_LEVEL = "-O";
				VALIDATE_PRODUCT = YES;
			};
			name = Release;
		};
		632385E920D7E7C8007572FC /* Debug */ = {
			isa = XCBuildConfiguration;
			buildSettings = {
				ASSETCATALOG_COMPILER_APPICON_NAME = AppIcon;
				CODE_SIGN_STYLE = Automatic;
				INFOPLIST_FILE = "I am rich/Info.plist";
				LD_RUNPATH_SEARCH_PATHS = (
					"$(inherited)",
					"@executable_path/Frameworks",
				);
				PRODUCT_BUNDLE_IDENTIFIER = "David.I-am-rich";
				PRODUCT_NAME = "$(TARGET_NAME)";
				SWIFT_VERSION = 4.0;
				TARGETED_DEVICE_FAMILY = 1;
			};
			name = Debug;
		};
		632385EA20D7E7C8007572FC /* Release */ = {
			isa = XCBuildConfiguration;
			buildSettings = {
				ASSETCATALOG_COMPILER_APPICON_NAME = AppIcon;
				CODE_SIGN_STYLE = Automatic;
				INFOPLIST_FILE = "I am rich/Info.plist";
				LD_RUNPATH_SEARCH_PATHS = (
					"$(inherited)",
					"@executable_path/Frameworks",
				);
				PRODUCT_BUNDLE_IDENTIFIER = "David.I-am-rich";
				PRODUCT_NAME = "$(TARGET_NAME)";
				SWIFT_VERSION = 4.0;
				TARGETED_DEVICE_FAMILY = 1;
			};
			name = Release;
		};
		632385EC20D7E7C8007572FC /* Debug */ = {
			isa = XCBuildConfiguration;
			buildSettings = {
				ALWAYS_EMBED_SWIFT_STANDARD_LIBRARIES = YES;
				BUNDLE_LOADER = "$(TEST_HOST)";
				CODE_SIGN_STYLE = Automatic;
				INFOPLIST_FILE = "I am richTests/Info.plist";
				LD_RUNPATH_SEARCH_PATHS = (
					"$(inherited)",
					"@executable_path/Frameworks",
					"@loader_path/Frameworks",
				);
				PRODUCT_BUNDLE_IDENTIFIER = "David.I-am-richTests";
				PRODUCT_NAME = "$(TARGET_NAME)";
				SWIFT_VERSION = 4.0;
				TARGETED_DEVICE_FAMILY = "1,2";
				TEST_HOST = "$(BUILT_PRODUCTS_DIR)/I am rich.app/I am rich";
			};
			name = Debug;
		};
		632385ED20D7E7C8007572FC /* Release */ = {
			isa = XCBuildConfiguration;
			buildSettings = {
				ALWAYS_EMBED_SWIFT_STANDARD_LIBRARIES = YES;
				BUNDLE_LOADER = "$(TEST_HOST)";
				CODE_SIGN_STYLE = Automatic;
				INFOPLIST_FILE = "I am richTests/Info.plist";
				LD_RUNPATH_SEARCH_PATHS = (
					"$(inherited)",
					"@executable_path/Frameworks",
					"@loader_path/Frameworks",
				);
				PRODUCT_BUNDLE_IDENTIFIER = "David.I-am-richTests";
				PRODUCT_NAME = "$(TARGET_NAME)";
				SWIFT_VERSION = 4.0;
				TARGETED_DEVICE_FAMILY = "1,2";
				TEST_HOST = "$(BUILT_PRODUCTS_DIR)/I am rich.app/I am rich";
			};
			name = Release;
		};
		632385EF20D7E7C8007572FC /* Debug */ = {
			isa = XCBuildConfiguration;
			buildSettings = {
				ALWAYS_EMBED_SWIFT_STANDARD_LIBRARIES = YES;
				CODE_SIGN_STYLE = Automatic;
				INFOPLIST_FILE = "I am richUITests/Info.plist";
				LD_RUNPATH_SEARCH_PATHS = (
					"$(inherited)",
					"@executable_path/Frameworks",
					"@loader_path/Frameworks",
				);
				PRODUCT_BUNDLE_IDENTIFIER = "David.I-am-richUITests";
				PRODUCT_NAME = "$(TARGET_NAME)";
				SWIFT_VERSION = 4.0;
				TARGETED_DEVICE_FAMILY = "1,2";
				TEST_TARGET_NAME = "I am rich";
			};
			name = Debug;
		};
		632385F020D7E7C8007572FC /* Release */ = {
			isa = XCBuildConfiguration;
			buildSettings = {
				ALWAYS_EMBED_SWIFT_STANDARD_LIBRARIES = YES;
				CODE_SIGN_STYLE = Automatic;
				INFOPLIST_FILE = "I am richUITests/Info.plist";
				LD_RUNPATH_SEARCH_PATHS = (
					"$(inherited)",
					"@executable_path/Frameworks",
					"@loader_path/Frameworks",
				);
				PRODUCT_BUNDLE_IDENTIFIER = "David.I-am-richUITests";
				PRODUCT_NAME = "$(TARGET_NAME)";
				SWIFT_VERSION = 4.0;
				TARGETED_DEVICE_FAMILY = "1,2";
				TEST_TARGET_NAME = "I am rich";
			};
			name = Release;
		};
/* End XCBuildConfiguration section */

/* Begin XCConfigurationList section */
		632385BB20D7E7C6007572FC /* Build configuration list for PBXProject "I am rich" */ = {
			isa = XCConfigurationList;
			buildConfigurations = (
				632385E620D7E7C8007572FC /* Debug */,
				632385E720D7E7C8007572FC /* Release */,
			);
			defaultConfigurationIsVisible = 0;
			defaultConfigurationName = Release;
		};
		632385E820D7E7C8007572FC /* Build configuration list for PBXNativeTarget "I am rich" */ = {
			isa = XCConfigurationList;
			buildConfigurations = (
				632385E920D7E7C8007572FC /* Debug */,
				632385EA20D7E7C8007572FC /* Release */,
			);
			defaultConfigurationIsVisible = 0;
			defaultConfigurationName = Release;
		};
		632385EB20D7E7C8007572FC /* Build configuration list for PBXNativeTarget "I am richTests" */ = {
			isa = XCConfigurationList;
			buildConfigurations = (
				632385EC20D7E7C8007572FC /* Debug */,
				632385ED20D7E7C8007572FC /* Release */,
			);
			defaultConfigurationIsVisible = 0;
			defaultConfigurationName = Release;
		};
		632385EE20D7E7C8007572FC /* Build configuration list for PBXNativeTarget "I am richUITests" */ = {
			isa = XCConfigurationList;
			buildConfigurations = (
				632385EF20D7E7C8007572FC /* Debug */,
				632385F020D7E7C8007572FC /* Release */,
			);
			defaultConfigurationIsVisible = 0;
			defaultConfigurationName = Release;
		};
/* End XCConfigurationList section */
	};
	rootObject = 632385B820D7E7C6007572FC /* Project object */;
}
